lockfileVersion: '9.0'

settings:
  autoInstallPeers: true
  excludeLinksFromLockfile: false

importers:

  .:
    dependencies:
      '@metaplex-foundation/umi':
        specifier: ^0.8.2
        version: 0.8.10
    devDependencies:
      typescript:
        specifier: ^4.9.4
        version: 4.9.5

packages:

  '@metaplex-foundation/umi-options@0.8.9':
    resolution: {integrity: sha512-jSQ61sZMPSAk/TXn8v8fPqtz3x8d0/blVZXLLbpVbo2/T5XobiI6/MfmlUosAjAUaQl6bHRF8aIIqZEFkJiy4A==}

  '@metaplex-foundation/umi-public-keys@0.8.9':
    resolution: {integrity: sha512-CxMzN7dgVGOq9OcNCJe2casKUpJ3RmTVoOvDFyeoTQuK+vkZ1YSSahbqC1iGuHEtKTLSjtWjKvUU6O7zWFTw3Q==}

  '@metaplex-foundation/umi-serializers-core@0.8.9':
    resolution: {integrity: sha512-WT82tkiYJ0Qmscp7uTj1Hz6aWQPETwaKLAENAUN5DeWghkuBKtuxyBKVvEOuoXerJSdhiAk0e8DWA4cxcTTQ/w==}

  '@metaplex-foundation/umi-serializers-encodings@0.8.9':
    resolution: {integrity: sha512-N3VWLDTJ0bzzMKcJDL08U3FaqRmwlN79FyE4BHj6bbAaJ9LEHjDQ9RJijZyWqTm0jE7I750fU7Ow5EZL38Xi6Q==}

  '@metaplex-foundation/umi-serializers-numbers@0.8.9':
    resolution: {integrity: sha512-NtBf1fnVNQJHFQjLFzRu2i9GGnigb9hOm/Gfrk628d0q0tRJB7BOM3bs5C61VAs7kJs4yd+pDNVAERJkknQ7Lg==}

  '@metaplex-foundation/umi-serializers@0.8.9':
    resolution: {integrity: sha512-Sve8Etm3zqvLSUfza+MYRkjTnCpiaAFT7VWdqeHzA3n58P0AfT3p74RrZwVt/UFkxI+ln8BslwBDJmwzcPkuHw==}

  '@metaplex-foundation/umi@0.8.10':
    resolution: {integrity: sha512-iGuGIfJh2+YFvUIkZ0nB/69EsQcaoq89DDPRPYvPBtOunfv8TH8SNrwcsXHlp9aBtn5FGKCPx3V3X/eurB32Fg==}

  typescript@4.9.5:
    resolution: {integrity: sha512-1FXk9E2Hm+QzZQ7z+McJiHL4NW1F2EzMu9Nq9i3zAaGqibafqYwCVU6WyWAuyQRRzOlxou8xZSyXLEN8oKj24g==}
    engines: {node: '>=4.2.0'}
    hasBin: true

snapshots:

  '@metaplex-foundation/umi-options@0.8.9': {}

  '@metaplex-foundation/umi-public-keys@0.8.9':
    dependencies:
      '@metaplex-foundation/umi-serializers-encodings': 0.8.9

  '@metaplex-foundation/umi-serializers-core@0.8.9': {}

  '@metaplex-foundation/umi-serializers-encodings@0.8.9':
    dependencies:
      '@metaplex-foundation/umi-serializers-core': 0.8.9

  '@metaplex-foundation/umi-serializers-numbers@0.8.9':
    dependencies:
      '@metaplex-foundation/umi-serializers-core': 0.8.9

  '@metaplex-foundation/umi-serializers@0.8.9':
    dependencies:
      '@metaplex-foundation/umi-options': 0.8.9
      '@metaplex-foundation/umi-public-keys': 0.8.9
      '@metaplex-foundation/umi-serializers-core': 0.8.9
      '@metaplex-foundation/umi-serializers-encodings': 0.8.9
      '@metaplex-foundation/umi-serializers-numbers': 0.8.9

  '@metaplex-foundation/umi@0.8.10':
    dependencies:
      '@metaplex-foundation/umi-options': 0.8.9
      '@metaplex-foundation/umi-public-keys': 0.8.9
      '@metaplex-foundation/umi-serializers': 0.8.9

  typescript@4.9.5: {}
