lockfileVersion: '6.0'

dependencies:
  '@metaplex-foundation/umi':
    specifier: ^0.8.2
    version: 0.8.2

devDependencies:
  typescript:
    specifier: ^4.9.4
    version: 4.9.4

packages:

  /@metaplex-foundation/umi-options@0.8.2:
    resolution: {integrity: sha512-xFoViuyVHZ1xtZjd7r6AieecfoRbx9bEwlUByqqWs8tmeA1MZb8bg/neO3vUN4aB3DbWxUbJZTEHZrq8fUP1AA==}
    dev: false

  /@metaplex-foundation/umi-public-keys@0.8.2:
    resolution: {integrity: sha512-66ZXWJAFtdfc228q61fPtdi5o3ILqinhdf84rT2lYy21SzoLNcveqm4sbp5pDJ482hBU6xAs8W6xeGpzTTBRDw==}
    dependencies:
      '@metaplex-foundation/umi-serializers-encodings': 0.8.2
    dev: false

  /@metaplex-foundation/umi-serializers-core@0.8.2:
    resolution: {integrity: sha512-grncCh1iyMmoWuFowulLMaoQOdetnVVa+m7CXXxEQ340ygnH3ls8WWBHHnP338309DCsRN2J+pPbqwkOHF/3yA==}
    dev: false

  /@metaplex-foundation/umi-serializers-encodings@0.8.2:
    resolution: {integrity: sha512-Em9oxKSHlY30upbQ40V5zV82+gIfKqYpcGkoHAM5ensDx6G0JKLthooazLdSp1hHOP5QfwOpL+Srj76MXyoq4Q==}
    dependencies:
      '@metaplex-foundation/umi-serializers-core': 0.8.2
    dev: false

  /@metaplex-foundation/umi-serializers-numbers@0.8.2:
    resolution: {integrity: sha512-STQEKGjkFXmG5okZHw9z3mXpHGf6SAcH5xr0K49mb5NIOY9icW9YZEVaccIhUpwYykMXgUI3IEetR2Rmrvhs0Q==}
    dependencies:
      '@metaplex-foundation/umi-serializers-core': 0.8.2
    dev: false

  /@metaplex-foundation/umi-serializers@0.8.2:
    resolution: {integrity: sha512-N+BCKGb2RnLWvNHY+U3B9dfZUATDLWHp9/5ufJLqGDY1uFS84aTmSPGb3/lOisdtHG6//t6IBY9cprnEOP0l8g==}
    dependencies:
      '@metaplex-foundation/umi-options': 0.8.2
      '@metaplex-foundation/umi-public-keys': 0.8.2
      '@metaplex-foundation/umi-serializers-core': 0.8.2
      '@metaplex-foundation/umi-serializers-encodings': 0.8.2
      '@metaplex-foundation/umi-serializers-numbers': 0.8.2
    dev: false

  /@metaplex-foundation/umi@0.8.2:
    resolution: {integrity: sha512-HfMcV9nILwavrS+Rv7FO5k7eRp4NMDxKAcx3ebeRF4fOvZ1rx5B/IthpN1G1frWkdqOOke1uWH112imEJHpqmQ==}
    dependencies:
      '@metaplex-foundation/umi-options': 0.8.2
      '@metaplex-foundation/umi-public-keys': 0.8.2
      '@metaplex-foundation/umi-serializers': 0.8.2
    dev: false

  /typescript@4.9.4:
    resolution: {integrity: sha512-Uz+dTXYzxXXbsFpM86Wh3dKCxrQqUcVMxwU54orwlJjOpO3ao8L7j5lH+dWfTwgCwIuM9GQ2kvVotzYJMXTBZg==}
    engines: {node: '>=4.2.0'}
    hasBin: true
    dev: true
