lockfileVersion: '6.0'

dependencies:
  '@metaplex-foundation/umi':
    specifier: ^0.8.2-rc.1
    version: 0.8.2-rc.1

devDependencies:
  typescript:
    specifier: ^4.9.4
    version: 4.9.4

packages:

  /@metaplex-foundation/umi-options@0.8.2-rc.1:
    resolution: {integrity: sha512-rXjhL3u3l7kqvlT2rRJxNmnVqhVzCy0avrKJTuDMu+f2jTyKJkwFa76NLEDFKuXuiueAGRwesS8G8kZL16uy4A==}
    dev: false

  /@metaplex-foundation/umi-public-keys@0.8.2-rc.0:
    resolution: {integrity: sha512-yDwAZ6wI5pbnRhpZmHxfTxyP4z0GdUnoVNhvkG9P81QgNzKFOnXD0ArUQHTrZDlkwrSTPCqu2pdGLzP0wKBKMA==}
    dependencies:
      '@metaplex-foundation/umi-serializers-encodings': 0.8.2-rc.0
    dev: false

  /@metaplex-foundation/umi-serializers-core@0.8.2-rc.0:
    resolution: {integrity: sha512-+oIdprjC7kxasURfyLu4AmY44e+7kRPyZqsNXH6/FQ3/MeOTqaAZslzUvJEBQ1AOOyJvF0D5X069Wqmp2XsaWA==}
    dev: false

  /@metaplex-foundation/umi-serializers-encodings@0.8.2-rc.0:
    resolution: {integrity: sha512-LBxmItY2hEd1lA4BjJmOX6KNUZiZutBnV64vN3dqQApL2PMx9/K5b6iUccYqOcZU9jkoVnWmBxcvMeTHDWKrpg==}
    dependencies:
      '@metaplex-foundation/umi-serializers-core': 0.8.2-rc.0
    dev: false

  /@metaplex-foundation/umi-serializers-numbers@0.8.2-rc.0:
    resolution: {integrity: sha512-Xq4MHD9aTEvB7duNR6dIEKmLoqHeZfSpqmpM13WyiWy+TBGBXIHUjdf/5w5LhWLQ0kSYcgdWPpfNTSt/C0xiRg==}
    dependencies:
      '@metaplex-foundation/umi-serializers-core': 0.8.2-rc.0
    dev: false

  /@metaplex-foundation/umi-serializers@0.8.2-rc.1:
    resolution: {integrity: sha512-rWIADm4D6i73UF/aNQmM91gJPTl1QklPXSiQxteiYO9eJa+lxGYhmJyI6ov9u31MVNAd7qDrRkk5WYGRUTXHOg==}
    dependencies:
      '@metaplex-foundation/umi-options': 0.8.2-rc.1
      '@metaplex-foundation/umi-public-keys': 0.8.2-rc.0
      '@metaplex-foundation/umi-serializers-core': 0.8.2-rc.0
      '@metaplex-foundation/umi-serializers-encodings': 0.8.2-rc.0
      '@metaplex-foundation/umi-serializers-numbers': 0.8.2-rc.0
    dev: false

  /@metaplex-foundation/umi@0.8.2-rc.1:
    resolution: {integrity: sha512-D0PqkcV1pVnLkT7JZwlSgOgBHyaXhQNOQK6AMi50dRod+91/vdw5pAMLvnloAKE4vJDV9PcCgj57e8Djrqk2Dw==}
    dependencies:
      '@metaplex-foundation/umi-options': 0.8.2-rc.1
      '@metaplex-foundation/umi-public-keys': 0.8.2-rc.0
      '@metaplex-foundation/umi-serializers': 0.8.2-rc.1
    dev: false

  /typescript@4.9.4:
    resolution: {integrity: sha512-Uz+dTXYzxXXbsFpM86Wh3dKCxrQqUcVMxwU54orwlJjOpO3ao8L7j5lH+dWfTwgCwIuM9GQ2kvVotzYJMXTBZg==}
    engines: {node: '>=4.2.0'}
    hasBin: true
    dev: true
