lockfileVersion: '6.0'

dependencies:
  '@metaplex-foundation/umi':
    specifier: ^0.8.0
    version: 0.8.0

devDependencies:
  typescript:
    specifier: ^4.9.4
    version: 4.9.4

packages:

  /@metaplex-foundation/umi@0.8.0:
    resolution: {integrity: sha512-vpHMc7DtqSaTDZnFQiQAkMsZt2c1ird2vQN9cAgP7cmTQofk93SqvReAxdN8soigGEY3Zsy1zwZlGaZv5itYKA==}
    dev: false

  /typescript@4.9.4:
    resolution: {integrity: sha512-Uz+dTXYzxXXbsFpM86Wh3dKCxrQqUcVMxwU54orwlJjOpO3ao8L7j5lH+dWfTwgCwIuM9GQ2kvVotzYJMXTBZg==}
    engines: {node: '>=4.2.0'}
    hasBin: true
    dev: true
