lockfileVersion: '6.0'

dependencies:
  '@solana/addresses':
    specifier: 2.0.0-experimental.bd21cc5
    version: 2.0.0-experimental.bd21cc5(fastestsmallesttextencoderdecoder@1.0.22)
  '@solana/codecs-core':
    specifier: 2.0.0-experimental.bd21cc5
    version: 2.0.0-experimental.bd21cc5
  '@solana/codecs-data-structures':
    specifier: 2.0.0-experimental.bd21cc5
    version: 2.0.0-experimental.bd21cc5
  '@solana/codecs-numbers':
    specifier: 2.0.0-experimental.bd21cc5
    version: 2.0.0-experimental.bd21cc5
  '@solana/codecs-strings':
    specifier: 2.0.0-experimental.bd21cc5
    version: 2.0.0-experimental.bd21cc5(fastestsmallesttextencoderdecoder@1.0.22)
  '@solana/instructions':
    specifier: 2.0.0-experimental.bd21cc5
    version: 2.0.0-experimental.bd21cc5
  '@solana/keys':
    specifier: 2.0.0-experimental.bd21cc5
    version: 2.0.0-experimental.bd21cc5(fastestsmallesttextencoderdecoder@1.0.22)
  '@solana/options':
    specifier: 2.0.0-experimental.bd21cc5
    version: 2.0.0-experimental.bd21cc5
  '@solana/signers':
    specifier: 2.0.0-experimental.bd21cc5
    version: 2.0.0-experimental.bd21cc5(fastestsmallesttextencoderdecoder@1.0.22)
  '@solana/transactions':
    specifier: 2.0.0-experimental.bd21cc5
    version: 2.0.0-experimental.bd21cc5(fastestsmallesttextencoderdecoder@1.0.22)

devDependencies:
  typescript:
    specifier: ^4.9.4
    version: 4.9.5

packages:

  /@solana/addresses@2.0.0-experimental.bd21cc5(fastestsmallesttextencoderdecoder@1.0.22):
    resolution: {integrity: sha512-QRMP4GQ9onw62Evxkmu991JOhIgaD/kAyDNiC15wHvlgNzc5z0PWo58kJFMwk8a6eTTlRwRlyPfidalH+JEG6A==}
    dependencies:
      '@solana/assertions': 2.0.0-experimental.bd21cc5
      '@solana/codecs-core': 2.0.0-experimental.bd21cc5
      '@solana/codecs-strings': 2.0.0-experimental.bd21cc5(fastestsmallesttextencoderdecoder@1.0.22)
    transitivePeerDependencies:
      - fastestsmallesttextencoderdecoder
    dev: false

  /@solana/assertions@2.0.0-experimental.bd21cc5:
    resolution: {integrity: sha512-yMVHkQURm4f0YtQ0AQC7wJzMzc3NnyPIXQFos7pZU3xGjm4rFLVSHNQqwe5R6LiRcVP4atw+I2OsaQvbH3QJvw==}
    dev: false

  /@solana/codecs-core@2.0.0-experimental.bd21cc5:
    resolution: {integrity: sha512-+XqYQYLmTxgGQQVmPES78io2IUmUuniQoe4HDQVGKJsuJhQfXeJQ0ZDu7yDV5C/R1RZB2ZpJpojfaWr9vJ1Oxg==}
    dev: false

  /@solana/codecs-data-structures@2.0.0-experimental.bd21cc5:
    resolution: {integrity: sha512-rWGibZNkchs59bP8QWNjbKW93mrD5Vlpl4k/oEt13D9a+dUF4aufywJbNX51ABeAeI3hyYIO8NvTWNzZSi4vQw==}
    dependencies:
      '@solana/codecs-core': 2.0.0-experimental.bd21cc5
      '@solana/codecs-numbers': 2.0.0-experimental.bd21cc5
    dev: false

  /@solana/codecs-numbers@2.0.0-experimental.bd21cc5:
    resolution: {integrity: sha512-Uiby6gKNxAeAaYnhnAYEv+iX63B2bcLidGiL+vNoyBMZlSS5X4BbF2umd5PuBSW0tlV2S+QHyISKm0/CbPzh0A==}
    dependencies:
      '@solana/codecs-core': 2.0.0-experimental.bd21cc5
    dev: false

  /@solana/codecs-strings@2.0.0-experimental.bd21cc5(fastestsmallesttextencoderdecoder@1.0.22):
    resolution: {integrity: sha512-UhtNlDTwRI6tWn/PhvSOQy8SuSdLOyof4skqcX1CdMLDOoduMVb0pdSkFmPhbOh9+RD0enrgBAPWLbtHLp54kA==}
    peerDependencies:
      fastestsmallesttextencoderdecoder: ^1.0.22
    dependencies:
      '@solana/codecs-core': 2.0.0-experimental.bd21cc5
      '@solana/codecs-numbers': 2.0.0-experimental.bd21cc5
      fastestsmallesttextencoderdecoder: 1.0.22
    dev: false

  /@solana/functional@2.0.0-experimental.bd21cc5:
    resolution: {integrity: sha512-XMH0hs22ogrtDXMwpNmvnV9S9y8p01We7sliYuzD/u5ZMlQipqqE7KyHAHN7THpy+LF4JWw+qnrl9m/RfyRVKg==}
    dev: false

  /@solana/instructions@2.0.0-experimental.bd21cc5:
    resolution: {integrity: sha512-CMWngKGjcmzIYLbJfvBfSv68P5fYp8J93vHVRexv+sop6Lgk7Ir9qJr0GpONxq9ymmx8Ygs4wOaSelqTm03qEA==}
    dev: false

  /@solana/keys@2.0.0-experimental.bd21cc5(fastestsmallesttextencoderdecoder@1.0.22):
    resolution: {integrity: sha512-rXZmEh1oHMlDdEUC7wM8c7fvR/PdnRFeD4fKL3SVLFJbzkuged23QKbLtKdaR6q4lwQWHsbXmg6yCeoI17zIKg==}
    dependencies:
      '@solana/assertions': 2.0.0-experimental.bd21cc5
      '@solana/codecs-core': 2.0.0-experimental.bd21cc5
      '@solana/codecs-strings': 2.0.0-experimental.bd21cc5(fastestsmallesttextencoderdecoder@1.0.22)
    transitivePeerDependencies:
      - fastestsmallesttextencoderdecoder
    dev: false

  /@solana/options@2.0.0-experimental.bd21cc5:
    resolution: {integrity: sha512-C2mz+3J9uJaDZFTHosOng9QJkFLl4yVK5qgI4cSxH7ej/bi/hXpcyLEima2NMDxLdoS9IAmO0LcbWw3l+0Z6mw==}
    dependencies:
      '@solana/codecs-core': 2.0.0-experimental.bd21cc5
      '@solana/codecs-numbers': 2.0.0-experimental.bd21cc5
    dev: false

  /@solana/signers@2.0.0-experimental.bd21cc5(fastestsmallesttextencoderdecoder@1.0.22):
    resolution: {integrity: sha512-/giAJg3Sir1tA30mOXXMdKCn/B8MLW/nNZHB7MzImW5+1f7kcha9plSAyGVIfP2cOZnoOQoSjmk1Ozti1pdGyA==}
    dependencies:
      '@solana/addresses': 2.0.0-experimental.bd21cc5(fastestsmallesttextencoderdecoder@1.0.22)
      '@solana/instructions': 2.0.0-experimental.bd21cc5
      '@solana/keys': 2.0.0-experimental.bd21cc5(fastestsmallesttextencoderdecoder@1.0.22)
      '@solana/transactions': 2.0.0-experimental.bd21cc5(fastestsmallesttextencoderdecoder@1.0.22)
    transitivePeerDependencies:
      - fastestsmallesttextencoderdecoder
    dev: false

  /@solana/transactions@2.0.0-experimental.bd21cc5(fastestsmallesttextencoderdecoder@1.0.22):
    resolution: {integrity: sha512-Qted/jXjQl3T/v9Tm6LF1NG1teZ/4ePRRIgWSMrMSAn2wg4zEj2JX0uCTufT0rhrOpbMEdmh30IzcHUrivjpyw==}
    dependencies:
      '@solana/addresses': 2.0.0-experimental.bd21cc5(fastestsmallesttextencoderdecoder@1.0.22)
      '@solana/codecs-core': 2.0.0-experimental.bd21cc5
      '@solana/codecs-data-structures': 2.0.0-experimental.bd21cc5
      '@solana/codecs-numbers': 2.0.0-experimental.bd21cc5
      '@solana/codecs-strings': 2.0.0-experimental.bd21cc5(fastestsmallesttextencoderdecoder@1.0.22)
      '@solana/functional': 2.0.0-experimental.bd21cc5
      '@solana/keys': 2.0.0-experimental.bd21cc5(fastestsmallesttextencoderdecoder@1.0.22)
    transitivePeerDependencies:
      - fastestsmallesttextencoderdecoder
    dev: false

  /fastestsmallesttextencoderdecoder@1.0.22:
    resolution: {integrity: sha512-Pb8d48e+oIuY4MaM64Cd7OW1gt4nxCHs7/ddPPZ/Ic3sg8yVGM7O9wDvZ7us6ScaUupzM+pfBolwtYhN1IxBIw==}
    dev: false

  /typescript@4.9.5:
    resolution: {integrity: sha512-1FXk9E2Hm+QzZQ7z+McJiHL4NW1F2EzMu9Nq9i3zAaGqibafqYwCVU6WyWAuyQRRzOlxou8xZSyXLEN8oKj24g==}
    engines: {node: '>=4.2.0'}
    hasBin: true
    dev: true
