lockfileVersion: '6.0'

dependencies:
  '@solana/addresses':
    specifier: 2.0.0-experimental.c7ef49c
    version: 2.0.0-experimental.c7ef49c(fastestsmallesttextencoderdecoder@1.0.22)
  '@solana/codecs-core':
    specifier: 2.0.0-experimental.c7ef49c
    version: 2.0.0-experimental.c7ef49c
  '@solana/codecs-data-structures':
    specifier: 2.0.0-experimental.c7ef49c
    version: 2.0.0-experimental.c7ef49c
  '@solana/codecs-numbers':
    specifier: 2.0.0-experimental.c7ef49c
    version: 2.0.0-experimental.c7ef49c
  '@solana/codecs-strings':
    specifier: 2.0.0-experimental.c7ef49c
    version: 2.0.0-experimental.c7ef49c(fastestsmallesttextencoderdecoder@1.0.22)
  '@solana/instructions':
    specifier: 2.0.0-experimental.c7ef49c
    version: 2.0.0-experimental.c7ef49c
  '@solana/keys':
    specifier: 2.0.0-experimental.c7ef49c
    version: 2.0.0-experimental.c7ef49c
  '@solana/options':
    specifier: 2.0.0-experimental.c7ef49c
    version: 2.0.0-experimental.c7ef49c
  '@solana/transactions':
    specifier: 2.0.0-experimental.c7ef49c
    version: 2.0.0-experimental.c7ef49c(fastestsmallesttextencoderdecoder@1.0.22)

devDependencies:
  typescript:
    specifier: ^4.9.4
    version: 4.9.5

packages:

  /@metaplex-foundation/umi-options@0.8.9:
    resolution: {integrity: sha512-jSQ61sZMPSAk/TXn8v8fPqtz3x8d0/blVZXLLbpVbo2/T5XobiI6/MfmlUosAjAUaQl6bHRF8aIIqZEFkJiy4A==}
    dev: false

  /@metaplex-foundation/umi-public-keys@0.8.9:
    resolution: {integrity: sha512-CxMzN7dgVGOq9OcNCJe2casKUpJ3RmTVoOvDFyeoTQuK+vkZ1YSSahbqC1iGuHEtKTLSjtWjKvUU6O7zWFTw3Q==}
    dependencies:
      '@metaplex-foundation/umi-serializers-encodings': 0.8.9
    dev: false

  /@metaplex-foundation/umi-serializers-core@0.8.9:
    resolution: {integrity: sha512-WT82tkiYJ0Qmscp7uTj1Hz6aWQPETwaKLAENAUN5DeWghkuBKtuxyBKVvEOuoXerJSdhiAk0e8DWA4cxcTTQ/w==}
    dev: false

  /@metaplex-foundation/umi-serializers-encodings@0.8.9:
    resolution: {integrity: sha512-N3VWLDTJ0bzzMKcJDL08U3FaqRmwlN79FyE4BHj6bbAaJ9LEHjDQ9RJijZyWqTm0jE7I750fU7Ow5EZL38Xi6Q==}
    dependencies:
      '@metaplex-foundation/umi-serializers-core': 0.8.9
    dev: false

  /@metaplex-foundation/umi-serializers-numbers@0.8.9:
    resolution: {integrity: sha512-NtBf1fnVNQJHFQjLFzRu2i9GGnigb9hOm/Gfrk628d0q0tRJB7BOM3bs5C61VAs7kJs4yd+pDNVAERJkknQ7Lg==}
    dependencies:
      '@metaplex-foundation/umi-serializers-core': 0.8.9
    dev: false

  /@metaplex-foundation/umi-serializers@0.8.9:
    resolution: {integrity: sha512-Sve8Etm3zqvLSUfza+MYRkjTnCpiaAFT7VWdqeHzA3n58P0AfT3p74RrZwVt/UFkxI+ln8BslwBDJmwzcPkuHw==}
    dependencies:
      '@metaplex-foundation/umi-options': 0.8.9
      '@metaplex-foundation/umi-public-keys': 0.8.9
      '@metaplex-foundation/umi-serializers-core': 0.8.9
      '@metaplex-foundation/umi-serializers-encodings': 0.8.9
      '@metaplex-foundation/umi-serializers-numbers': 0.8.9
    dev: false

  /@solana/addresses@2.0.0-experimental.c7ef49c(fastestsmallesttextencoderdecoder@1.0.22):
    resolution: {integrity: sha512-64mYwMJJluxWx//c6/Z5E2n3jEmRqCHdIZThptxJHZNexEjq/peZvCUkU7jKEbVwXtjATUmLLVx5DKprZ0APUg==}
    dependencies:
      '@solana/assertions': 2.0.0-experimental.c7ef49c
      '@solana/codecs-core': 2.0.0-experimental.c7ef49c
      '@solana/codecs-strings': 2.0.0-experimental.c7ef49c(fastestsmallesttextencoderdecoder@1.0.22)
    transitivePeerDependencies:
      - fastestsmallesttextencoderdecoder
    dev: false

  /@solana/assertions@2.0.0-experimental.c7ef49c:
    resolution: {integrity: sha512-dgXYLEl2nwZktRu2wBRKSFurrPvE/duh6ShfanGQ2G5ptr6e7O23S5URWznwGKn+MoD1UorpEX28uuh/+eUp/w==}
    dev: false

  /@solana/codecs-core@2.0.0-experimental.c7ef49c:
    resolution: {integrity: sha512-ghKiYTP9SvRn8+zVdyzZ+SIWi1SlogEIa2oFVZV2A88bTAkAzOfE1QzV+kYjyLhqKBYgsDAxzqoog1nmDT5nCg==}
    dev: false

  /@solana/codecs-data-structures@2.0.0-experimental.c7ef49c:
    resolution: {integrity: sha512-iQTbAK6/R4LzJdnOTz1x6YkEZeILg5YzqMjl3yeXpadD1zXFWuhkl/W49Thr5LMA5sae8Ax+Dzrdqdsbqe2CRg==}
    dependencies:
      '@solana/codecs-core': 2.0.0-experimental.c7ef49c
      '@solana/codecs-numbers': 2.0.0-experimental.c7ef49c
    dev: false

  /@solana/codecs-numbers@2.0.0-experimental.c7ef49c:
    resolution: {integrity: sha512-H/90IHPgLb5zfCKz7AXHkQMkLHel2Tx8Mz1vdzoPZ7JRHXbK/+sAW9KQHZKzR85RlAKu1n+aglm+7DBO1srTCA==}
    dependencies:
      '@solana/codecs-core': 2.0.0-experimental.c7ef49c
    dev: false

  /@solana/codecs-strings@2.0.0-experimental.c7ef49c(fastestsmallesttextencoderdecoder@1.0.22):
    resolution: {integrity: sha512-BCI24/3HjGCdQtp+c0GZL5tr5BYcvoGXg1UF2ns5rwBT6jsx86jOhp9Wim8cniA63WtFKSZe6NR25Nh+9dvZRQ==}
    peerDependencies:
      fastestsmallesttextencoderdecoder: ^1.0.22
    dependencies:
      '@solana/codecs-core': 2.0.0-experimental.c7ef49c
      '@solana/codecs-numbers': 2.0.0-experimental.c7ef49c
      fastestsmallesttextencoderdecoder: 1.0.22
    dev: false

  /@solana/instructions@2.0.0-experimental.c7ef49c:
    resolution: {integrity: sha512-NY8JQXyF8N32Wzed+jFsr5Nix/Re67gd4xlsa8MAs8Ji/Tfw9Yyu1AmALjF6iDfbhfpD/mpl9KCCOoJp7AlH0w==}
    dev: false

  /@solana/keys@2.0.0-experimental.c7ef49c:
    resolution: {integrity: sha512-n95CDG2oj7AU98GjN75yMFkGucXptXxrm8Le4xNP4VVIbjmCtveGHs5pbz2KgIdypnQ6RcpLHdg7zmNa7vrb2w==}
    dependencies:
      '@solana/assertions': 2.0.0-experimental.c7ef49c
    dev: false

  /@solana/options@2.0.0-experimental.c7ef49c:
    resolution: {integrity: sha512-sljVXvnT1Ma4/IEOtHPSo82KpoOPMv/wGWPgGFwxF5Vo35D9f5EeuQYtxlJy1jsG7Qop4EdgGygpk7Zfzl6KLA==}
    dependencies:
      '@solana/codecs-core': 2.0.0-experimental.c7ef49c
      '@solana/codecs-numbers': 2.0.0-experimental.c7ef49c
    dev: false

  /@solana/transactions@2.0.0-experimental.c7ef49c(fastestsmallesttextencoderdecoder@1.0.22):
    resolution: {integrity: sha512-Rignq6R6sdDw6jUzwgkeNaNxOYPilcYI7JE/iaW5wazmasz3WFDAvetkPdBX9pSQqeCsNePwFrin9jbqRNFWHg==}
    dependencies:
      '@metaplex-foundation/umi-serializers': 0.8.9
      '@solana/addresses': 2.0.0-experimental.c7ef49c(fastestsmallesttextencoderdecoder@1.0.22)
      '@solana/codecs-core': 2.0.0-experimental.c7ef49c
      '@solana/codecs-data-structures': 2.0.0-experimental.c7ef49c
      '@solana/codecs-numbers': 2.0.0-experimental.c7ef49c
      '@solana/keys': 2.0.0-experimental.c7ef49c
    transitivePeerDependencies:
      - fastestsmallesttextencoderdecoder
    dev: false

  /fastestsmallesttextencoderdecoder@1.0.22:
    resolution: {integrity: sha512-Pb8d48e+oIuY4MaM64Cd7OW1gt4nxCHs7/ddPPZ/Ic3sg8yVGM7O9wDvZ7us6ScaUupzM+pfBolwtYhN1IxBIw==}
    dev: false

  /typescript@4.9.5:
    resolution: {integrity: sha512-1FXk9E2Hm+QzZQ7z+McJiHL4NW1F2EzMu9Nq9i3zAaGqibafqYwCVU6WyWAuyQRRzOlxou8xZSyXLEN8oKj24g==}
    engines: {node: '>=4.2.0'}
    hasBin: true
    dev: true
