lockfileVersion: '6.0'

settings:
  autoInstallPeers: true
  excludeLinksFromLockfile: false

dependencies:
  '@solana/accounts':
    specifier: 2.0.0-experimental.a7a613a
    version: 2.0.0-experimental.a7a613a(fastestsmallesttextencoderdecoder@1.0.22)
  '@solana/addresses':
    specifier: 2.0.0-experimental.a7a613a
    version: 2.0.0-experimental.a7a613a(fastestsmallesttextencoderdecoder@1.0.22)
  '@solana/codecs':
    specifier: 2.0.0-experimental.a7a613a
    version: 2.0.0-experimental.a7a613a(fastestsmallesttextencoderdecoder@1.0.22)
  '@solana/instructions':
    specifier: 2.0.0-experimental.a7a613a
    version: 2.0.0-experimental.a7a613a
  '@solana/programs':
    specifier: 2.0.0-experimental.a7a613a
    version: 2.0.0-experimental.a7a613a
  '@solana/signers':
    specifier: 2.0.0-experimental.a7a613a
    version: 2.0.0-experimental.a7a613a(fastestsmallesttextencoderdecoder@1.0.22)

devDependencies:
  typescript:
    specifier: ^5.4.3
    version: 5.4.3

packages:

  /@solana/accounts@2.0.0-experimental.a7a613a(fastestsmallesttextencoderdecoder@1.0.22):
    resolution: {integrity: sha512-fifvhOC49UmCqooNI5inAnkkVfLc2diQ/R3WDQSocJ8u9E3chDFg+SPmwXRNNk3Prp1MnbJhsNpRPbO+7A/ypA==}
    dependencies:
      '@solana/addresses': 2.0.0-experimental.a7a613a(fastestsmallesttextencoderdecoder@1.0.22)
      '@solana/codecs-core': 2.0.0-experimental.a7a613a
      '@solana/codecs-strings': 2.0.0-experimental.a7a613a(fastestsmallesttextencoderdecoder@1.0.22)
      '@solana/rpc-spec': 2.0.0-experimental.a7a613a
      '@solana/rpc-types': 2.0.0-experimental.a7a613a(fastestsmallesttextencoderdecoder@1.0.22)
    transitivePeerDependencies:
      - fastestsmallesttextencoderdecoder
    dev: false

  /@solana/addresses@2.0.0-experimental.a7a613a(fastestsmallesttextencoderdecoder@1.0.22):
    resolution: {integrity: sha512-W5lc7y9CQYwooshmZ6qr2T6Ymj6aVVEM0hlaQA6GVZ20PYCJOGSXg0mloNalG0Fp50J2ouE3Xhy5OoFjoYQgvQ==}
    dependencies:
      '@solana/assertions': 2.0.0-experimental.a7a613a
      '@solana/codecs-core': 2.0.0-experimental.a7a613a
      '@solana/codecs-strings': 2.0.0-experimental.a7a613a(fastestsmallesttextencoderdecoder@1.0.22)
    transitivePeerDependencies:
      - fastestsmallesttextencoderdecoder
    dev: false

  /@solana/assertions@2.0.0-experimental.a7a613a:
    resolution: {integrity: sha512-V3/Q4hkdRkaSiJE3FG7ELhgFnKC1WfnrkIm+6gUfhrzh5Vihg494HXV+x7xEOJFw5m3EYmTDiYEevIr9d5qvMg==}
    dev: false

  /@solana/codecs-core@2.0.0-experimental.a7a613a:
    resolution: {integrity: sha512-4C0GCWoIP8zvUd4kIs4QQnNupjh+GEXcoO+RAYRJ8nDlDW4DdEhb/W4weC+hoFaEjr0STEhCeH4yMWaKF3L6WQ==}
    dev: false

  /@solana/codecs-data-structures@2.0.0-experimental.a7a613a:
    resolution: {integrity: sha512-K22h6+YA8hVZ5Nq+49nFUIUJgOMxYP9zEt69oQxh/OnETZF538uIOrsCFU7MzLCLCwUnoJynkBY4Oycm+4m7OQ==}
    dependencies:
      '@solana/codecs-core': 2.0.0-experimental.a7a613a
      '@solana/codecs-numbers': 2.0.0-experimental.a7a613a
    dev: false

  /@solana/codecs-numbers@2.0.0-experimental.a7a613a:
    resolution: {integrity: sha512-B1aNhPkoSRqMskHcgB/u0/tnAWfrp6dYHf9o36q+ppAoOZdbS9xz4rwzkt2FMUHaoSWPPa6/tHFQ0Vbge3VMRA==}
    dependencies:
      '@solana/codecs-core': 2.0.0-experimental.a7a613a
    dev: false

  /@solana/codecs-strings@2.0.0-experimental.a7a613a(fastestsmallesttextencoderdecoder@1.0.22):
    resolution: {integrity: sha512-Tw9fqT8UzScpuP4bsDCiKb7DGXQ9BmsqvLJY7b1sjga9Vr0M3mA8BGHemz4WusHXb9AXJEN1Pc1NVYxd4rsH0w==}
    peerDependencies:
      fastestsmallesttextencoderdecoder: ^1.0.22
    dependencies:
      '@solana/codecs-core': 2.0.0-experimental.a7a613a
      '@solana/codecs-numbers': 2.0.0-experimental.a7a613a
      fastestsmallesttextencoderdecoder: 1.0.22
    dev: false

  /@solana/codecs@2.0.0-experimental.a7a613a(fastestsmallesttextencoderdecoder@1.0.22):
    resolution: {integrity: sha512-9egdKvdYisL1pc4EXQJmikuIJISJFvmRkSFq147xSQoTg19J7wKikILqa39/jnthqE1NwyVgZgkv/h2ILoB/8A==}
    dependencies:
      '@solana/codecs-core': 2.0.0-experimental.a7a613a
      '@solana/codecs-data-structures': 2.0.0-experimental.a7a613a
      '@solana/codecs-numbers': 2.0.0-experimental.a7a613a
      '@solana/codecs-strings': 2.0.0-experimental.a7a613a(fastestsmallesttextencoderdecoder@1.0.22)
      '@solana/options': 2.0.0-experimental.a7a613a
    transitivePeerDependencies:
      - fastestsmallesttextencoderdecoder
    dev: false

  /@solana/errors@2.0.0-experimental.a7a613a:
    resolution: {integrity: sha512-B7rkUWtAqXgsQwgOAH2qRyy/SOZ1T/3ThC4YezmWwbjxNHqx7+kekoCRhyshkw5AdhV7U4kQJSACQq/j3Cy1WA==}
    hasBin: true
    dependencies:
      chalk: 5.3.0
      commander: 11.1.0
    dev: false

  /@solana/functional@2.0.0-experimental.a7a613a:
    resolution: {integrity: sha512-OkaYVw6O5vNzOjEut0E44mxF1yS6BMXCnUcZuKy9nvuHNeUFZ6BjFJhMQXOGhhs5qNzI9m+JHnrb7z3J0ZPrBw==}
    dev: false

  /@solana/instructions@2.0.0-experimental.a7a613a:
    resolution: {integrity: sha512-UJSlElg/w+pTYySxmane6RNP5Ghe52SJDy0gsEC40SkusdGtJbwlusNfGVZVFFGf14n+urWKyR+2gcdaj11qJw==}
    dev: false

  /@solana/keys@2.0.0-experimental.a7a613a(fastestsmallesttextencoderdecoder@1.0.22):
    resolution: {integrity: sha512-A2Hf4IL7EH85yaadZMwu8dVMDzKLVRpIug8QjgKKiJRhu9FIezzbUDMT8l4ILBOpsRdcwgcK3/YFVRdVoMcWmA==}
    dependencies:
      '@solana/assertions': 2.0.0-experimental.a7a613a
      '@solana/codecs-core': 2.0.0-experimental.a7a613a
      '@solana/codecs-strings': 2.0.0-experimental.a7a613a(fastestsmallesttextencoderdecoder@1.0.22)
      '@solana/errors': 2.0.0-experimental.a7a613a
    transitivePeerDependencies:
      - fastestsmallesttextencoderdecoder
    dev: false

  /@solana/options@2.0.0-experimental.a7a613a:
    resolution: {integrity: sha512-gUV7uSOfHrOBLt3+Wv3LJDYkVQN1PTmNu511/zkkKdE3AwUMUfG7x+jMg85h3Tiw7xPs+HOgHBEyGdiYHk0W1g==}
    dependencies:
      '@solana/codecs-core': 2.0.0-experimental.a7a613a
      '@solana/codecs-numbers': 2.0.0-experimental.a7a613a
    dev: false

  /@solana/programs@2.0.0-experimental.a7a613a:
    resolution: {integrity: sha512-1A6iwvlKmuJKZrL4+bTZUV1fh4aIHDqtCuQofRdenK46TJ0QqyTewEG3i6G1UuDQx2F6eKoFL3kC0QDK+7HUyw==}
    dev: false

  /@solana/rpc-spec-types@2.0.0-experimental.a7a613a:
    resolution: {integrity: sha512-lyZmEHac9WEL0Uf02X6sM7/vqGW6NAGV1fW3JRaLI9KOjMtN5OmRMiJiPhDKFHM/mBHGs0ddDwABBR0M1rNbzw==}
    dev: false

  /@solana/rpc-spec@2.0.0-experimental.a7a613a:
    resolution: {integrity: sha512-YfCbUxtSP/uVD+EPnM709JFF/LDBAUiLcosXLQZF62qSEDGWc15MelfXDHHqcSdUaPbxy6cCCqbVUhWaZt4ifQ==}
    dependencies:
      '@solana/rpc-spec-types': 2.0.0-experimental.a7a613a
    dev: false

  /@solana/rpc-types@2.0.0-experimental.a7a613a(fastestsmallesttextencoderdecoder@1.0.22):
    resolution: {integrity: sha512-oICRh5Q4/5N/QRxea+xnUxLGFEp7jgRmJHqsR1eDhCUoSntwBL9ME3bdvsQh65gZ9DjKMUIU6FAPUzgmz/upWg==}
    dependencies:
      '@solana/addresses': 2.0.0-experimental.a7a613a(fastestsmallesttextencoderdecoder@1.0.22)
      '@solana/codecs-strings': 2.0.0-experimental.a7a613a(fastestsmallesttextencoderdecoder@1.0.22)
    transitivePeerDependencies:
      - fastestsmallesttextencoderdecoder
    dev: false

  /@solana/signers@2.0.0-experimental.a7a613a(fastestsmallesttextencoderdecoder@1.0.22):
    resolution: {integrity: sha512-2gnsMbDDnzcj63YiqkuNfcRIcWJEbuW2gwYfuypbby86g4etMhnYlsYwbRptb2BBd79ho0vBQfJco22D2UiCKw==}
    dependencies:
      '@solana/addresses': 2.0.0-experimental.a7a613a(fastestsmallesttextencoderdecoder@1.0.22)
      '@solana/errors': 2.0.0-experimental.a7a613a
      '@solana/instructions': 2.0.0-experimental.a7a613a
      '@solana/keys': 2.0.0-experimental.a7a613a(fastestsmallesttextencoderdecoder@1.0.22)
      '@solana/transactions': 2.0.0-experimental.a7a613a(fastestsmallesttextencoderdecoder@1.0.22)
    transitivePeerDependencies:
      - fastestsmallesttextencoderdecoder
    dev: false

  /@solana/transactions@2.0.0-experimental.a7a613a(fastestsmallesttextencoderdecoder@1.0.22):
    resolution: {integrity: sha512-DxxMzGEPGw0s3+AQGaqJqqFkcGWFJFuMB/z3U3cYMA5AmDZ3y51lGRsUonvdYw/ksQOGXawS6hrTeQ5VPu1yig==}
    dependencies:
      '@solana/addresses': 2.0.0-experimental.a7a613a(fastestsmallesttextencoderdecoder@1.0.22)
      '@solana/codecs-core': 2.0.0-experimental.a7a613a
      '@solana/codecs-data-structures': 2.0.0-experimental.a7a613a
      '@solana/codecs-numbers': 2.0.0-experimental.a7a613a
      '@solana/codecs-strings': 2.0.0-experimental.a7a613a(fastestsmallesttextencoderdecoder@1.0.22)
      '@solana/errors': 2.0.0-experimental.a7a613a
      '@solana/functional': 2.0.0-experimental.a7a613a
      '@solana/keys': 2.0.0-experimental.a7a613a(fastestsmallesttextencoderdecoder@1.0.22)
    transitivePeerDependencies:
      - fastestsmallesttextencoderdecoder
    dev: false

  /chalk@5.3.0:
    resolution: {integrity: sha512-dLitG79d+GV1Nb/VYcCDFivJeK1hiukt9QjRNVOsUtTy1rR1YJsmpGGTZ3qJos+uw7WmWF4wUwBd9jxjocFC2w==}
    engines: {node: ^12.17.0 || ^14.13 || >=16.0.0}
    dev: false

  /commander@11.1.0:
    resolution: {integrity: sha512-yPVavfyCcRhmorC7rWlkHn15b4wDVgVmBA7kV4QVBsF7kv/9TKJAbAXVTxvTnwP8HHKjRCJDClKbciiYS7p0DQ==}
    engines: {node: '>=16'}
    dev: false

  /fastestsmallesttextencoderdecoder@1.0.22:
    resolution: {integrity: sha512-Pb8d48e+oIuY4MaM64Cd7OW1gt4nxCHs7/ddPPZ/Ic3sg8yVGM7O9wDvZ7us6ScaUupzM+pfBolwtYhN1IxBIw==}
    dev: false

  /typescript@5.4.3:
    resolution: {integrity: sha512-KrPd3PKaCLr78MalgiwJnA25Nm8HAmdwN3mYUYZgG/wizIo9EainNVQI9/yDavtVFRN2h3k8uf3GLHuhDMgEHg==}
    engines: {node: '>=14.17'}
    hasBin: true
    dev: true
