lockfileVersion: '9.0'

settings:
  autoInstallPeers: true
  excludeLinksFromLockfile: false

importers:

  .:
    dependencies:
      '@metaplex-foundation/umi':
        specifier: ^1.5.1
        version: 1.5.1
    devDependencies:
      typescript:
        specifier: ^4.9.4
        version: 4.9.5

packages:

  '@metaplex-foundation/umi-options@1.5.1':
    resolution: {integrity: sha512-ZE6uXgFA3rElFq4gJxZM2diAqZdFqL65bOnAggwdnnei5XXRzFyNF16wYSqlHnPLvG6ohRHWiXww8d2Mb83xFg==}

  '@metaplex-foundation/umi-public-keys@1.5.1':
    resolution: {integrity: sha512-joTnI1mRtYRfIaTo98uaYRjBPszsdyHuq0vvd6QbSX+MPvu3enkWi+UicuykEc3VXd5tcGdNMiGSx4jgXG6pkw==}

  '@metaplex-foundation/umi-serializers-core@1.5.1':
    resolution: {integrity: sha512-6nYsbTCLq421x7JT1B3/iNgPpSARj/wL9naoKbOreHrk2ip/4R7vQstVRMl0Gx+Hv2tHnEIbFo3JBtWyC377Qw==}

  '@metaplex-foundation/umi-serializers-encodings@1.5.1':
    resolution: {integrity: sha512-cVvwWmREE/Pmvjvsd50F18P53HDT0vzZECD6uYWIVzxgwpOiRDFu6r/vGbweomHoWzfTvuU6hiKuKv2KsOoXQA==}

  '@metaplex-foundation/umi-serializers-numbers@1.5.1':
    resolution: {integrity: sha512-7DVF1VJIdT44Pe6qWKaqGu4YVgE10OeLMYpm7C16SujSBgQGB/I2bh8NBifyH2R3oHhoyfE9qgIKB3dgRazN6A==}

  '@metaplex-foundation/umi-serializers@1.5.1':
    resolution: {integrity: sha512-scXciBylbJ4iwfxOF1Xx2XiBzoYUD8fSKWTsMal5Rj1hMRDe6b2XZcsBOjio61iAr8aTtFPmKpqxeBdLwmQ0ZQ==}

  '@metaplex-foundation/umi@1.5.1':
    resolution: {integrity: sha512-ONRv5a0kv+23AMlR8oyFBHnjVg3o3N8pUfFcV4gzbg6OgZf87zHsPWBfED3OTJqx267v1bEn6d6DABXNFq9Z3A==}

  typescript@4.9.5:
    resolution: {integrity: sha512-1FXk9E2Hm+QzZQ7z+McJiHL4NW1F2EzMu9Nq9i3zAaGqibafqYwCVU6WyWAuyQRRzOlxou8xZSyXLEN8oKj24g==}
    engines: {node: '>=4.2.0'}
    hasBin: true

snapshots:

  '@metaplex-foundation/umi-options@1.5.1': {}

  '@metaplex-foundation/umi-public-keys@1.5.1':
    dependencies:
      '@metaplex-foundation/umi-serializers-encodings': 1.5.1

  '@metaplex-foundation/umi-serializers-core@1.5.1': {}

  '@metaplex-foundation/umi-serializers-encodings@1.5.1':
    dependencies:
      '@metaplex-foundation/umi-serializers-core': 1.5.1

  '@metaplex-foundation/umi-serializers-numbers@1.5.1':
    dependencies:
      '@metaplex-foundation/umi-serializers-core': 1.5.1

  '@metaplex-foundation/umi-serializers@1.5.1':
    dependencies:
      '@metaplex-foundation/umi-options': 1.5.1
      '@metaplex-foundation/umi-public-keys': 1.5.1
      '@metaplex-foundation/umi-serializers-core': 1.5.1
      '@metaplex-foundation/umi-serializers-encodings': 1.5.1
      '@metaplex-foundation/umi-serializers-numbers': 1.5.1

  '@metaplex-foundation/umi@1.5.1':
    dependencies:
      '@metaplex-foundation/umi-options': 1.5.1
      '@metaplex-foundation/umi-public-keys': 1.5.1
      '@metaplex-foundation/umi-serializers': 1.5.1

  typescript@4.9.5: {}
