lockfileVersion: 5.4

specifiers:
  '@lorisleiva/js-core': ^0.0.31
  typescript: ^4.9.4

dependencies:
  '@lorisleiva/js-core': 0.0.31

devDependencies:
  typescript: 4.9.4

packages:

  /@lorisleiva/js-core/0.0.31:
    resolution: {integrity: sha512-F9DmmUFJaal63vci4VDHub+b0uv+xtGTWNpUSCRE5Vwsebt4JiVKmt7Z9z8GFI6I9vAyjZfH6zPe6ob8xbfscg==}
    dev: false

  /typescript/4.9.4:
    resolution: {integrity: sha512-Uz+dTXYzxXXbsFpM86Wh3dKCxrQqUcVMxwU54orwlJjOpO3ao8L7j5lH+dWfTwgCwIuM9GQ2kvVotzYJMXTBZg==}
    engines: {node: '>=4.2.0'}
    hasBin: true
    dev: true
