lockfileVersion: 5.4

specifiers:
  '@lorisleiva/js-core': ^0.0.34
  typescript: ^4.9.4

dependencies:
  '@lorisleiva/js-core': 0.0.34

devDependencies:
  typescript: 4.9.4

packages:

  /@lorisleiva/js-core/0.0.34:
    resolution: {integrity: sha512-zEnAJWHSijMEj9v6LwZNLuvO+rUhdg0aigDz2ZaHs2zY5wu2FgNP6EPxJVxGd4j93e1LNqMFZoVTDdG+Vfbixg==}
    dev: false

  /typescript/4.9.4:
    resolution: {integrity: sha512-Uz+dTXYzxXXbsFpM86Wh3dKCxrQqUcVMxwU54orwlJjOpO3ao8L7j5lH+dWfTwgCwIuM9GQ2kvVotzYJMXTBZg==}
    engines: {node: '>=4.2.0'}
    hasBin: true
    dev: true
