lockfileVersion: 5.4

specifiers:
  '@lorisleiva/js-core': ^0.0.38
  typescript: ^4.9.4

dependencies:
  '@lorisleiva/js-core': 0.0.38

devDependencies:
  typescript: 4.9.4

packages:

  /@lorisleiva/js-core/0.0.38:
    resolution: {integrity: sha512-nArfUpRh0++bDNXnYNgEhZPxWTesQC3b4vOgHAM1P9Bc74bfyvZiXCDlwCz+pT85o2pYP/op5db9J96pFTiApg==}
    dev: false

  /typescript/4.9.4:
    resolution: {integrity: sha512-Uz+dTXYzxXXbsFpM86Wh3dKCxrQqUcVMxwU54orwlJjOpO3ao8L7j5lH+dWfTwgCwIuM9GQ2kvVotzYJMXTBZg==}
    engines: {node: '>=4.2.0'}
    hasBin: true
    dev: true
